{
    "hash": "8f2f33097e602f9e7e4c59093b0f4e45",
    "packages": [
        {
            "name": "phing/phing",
            "version": "2.4.12",
            "source": {
                "type": "git",
                "url": "https://github.com/phingofficial/phing",
                "reference": "2.4.12"
            },
            "dist": {
                "type": "zip",
                "url": "https://github.com/phingofficial/phing/zipball/2.4.12",
                "reference": "2.4.12",
                "shasum": ""
            },
            "require": {
                "php": ">=5.2.0"
            },
            "time": "2012-04-06 18:33:25",
            "type": "library",
            "installation-source": "dist",
            "autoload": {
                "classmap": [
                    "classes/phing/"
                ]
            },
            "license": [
                "LGPL3"
            ],
            "authors": [
                {
                    "name": "Michiel Rook",
                    "email": "mrook@php.net"
                },
                {
                    "name": "Phing Community",
                    "homepage": "http://www.phing.info/trac/wiki/Development/Contributors"
                }
            ],
            "description": "PHing Is Not GNU make; it's a PHP project build system or build tool based on Apache Ant.",
            "homepage": "http://www.phing.info/",
            "keywords": [
                "build",
                "task",
                "tool"
            ]
        },
        {
            "name": "propel/propel1",
            "version": "dev-master",
            "source": {
                "type": "git",
                "url": "https://github.com/propelorm/Propel",
                "reference": "88febadd8ae3687cae89192ec0ab57949de8d693"
            },
            "dist": {
                "type": "zip",
                "url": "https://github.com/propelorm/Propel/zipball/88febadd8ae3687cae89192ec0ab57949de8d693",
                "reference": "88febadd8ae3687cae89192ec0ab57949de8d693",
                "shasum": ""
            },
            "require": {
                "php": ">=5.2.4",
                "phing/phing": ">=2.4.12,2.4.*"
            },
            "time": "1349389560",
            "bin": [
                "generator/bin/propel-gen",
                "generator/bin/propel-gen.bat"
            ],
            "type": "library",
            "extra": {
                "branch-alias": {
                    "dev-master": "1.6-dev"
                }
            },
            "installation-source": "source",
            "autoload": {
                "classmap": [
                    "runtime/lib",
                    "generator/lib"
                ]
            },
            "include-path": [
                "runtime/lib",
                "generator/lib"
            ],
            "license": [
                "MIT"
            ],
            "authors": [
                {
                    "name": "William DURAND",
                    "email": "william.durand1@gmail.com",
                    "homepage": "http://www.willdurand.fr"
                }
            ],
            "description": "Propel is an open-source Object-Relational Mapping (ORM) for PHP5.",
            "homepage": "http://www.propelorm.org/",
            "keywords": [
                "database",
                "orm",
                "persistence",
                "Active Record",
                "mapping"
            ]
        }
    ],
    "packages-dev": [

    ],
    "aliases": [

    ],
    "minimum-stability": "dev",
    "stability-flags": [

    ]
}
